
Microsoft Visual Studio Solution File, Format Version 12.00
# Visual Studio Version 17
VisualStudioVersion = 17.13.35931.197 d17.13
MinimumVisualStudioVersion = 10.0.40219.1
Project("{FAE04EC0-301F-11D3-BF4B-00C04F79EFBC}") = "forgithub", "forgithub\forgithub.csproj", "{CC488C36-5BA4-4918-8B50-00EC8748B755}"
EndProject
Global
	GlobalSection(SolutionConfigurationPlatforms) = preSolution
		Debug|Any CPU = Debug|Any CPU
		Release|Any CPU = Release|Any CPU
	EndGlobalSection
	GlobalSection(ProjectConfigurationPlatforms) = postSolution
		{CC488C36-5BA4-4918-8B50-00EC8748B755}.Debug|Any CPU.ActiveCfg = Debug|Any CPU
		{CC488C36-5BA4-4918-8B50-00EC8748B755}.Debug|Any CPU.Build.0 = Debug|Any CPU
		{CC488C36-5BA4-4918-8B50-00EC8748B755}.Release|Any CPU.ActiveCfg = Release|Any CPU
		{CC488C36-5BA4-4918-8B50-00EC8748B755}.Release|Any CPU.Build.0 = Release|Any CPU
	EndGlobalSection
	GlobalSection(SolutionProperties) = preSolution
		HideSolutionNode = FALSE
	EndGlobalSection
	GlobalSection(ExtensibilityGlobals) = postSolution
		SolutionGuid = {C1AF4502-3ED3-400F-8C36-47D87D31C2B4}
	EndGlobalSection
EndGlobal
